
Microsoft Visual Studio Solution File, Format Version 12.00
# Visual Studio Version 17
VisualStudioVersion = 17.10.35013.160
MinimumVisualStudioVersion = 10.0.40219.1
Project("{2150E333-8FDC-42A3-9474-1A3956D46DE8}") = "Fundamentals", "Fundamentals", "{782734E9-5CF2-4E4F-BEAC-52D7680A42EB}"
EndProject
Project("{9A19103F-16F7-4668-BE54-9A1E7A4F7556}") = "TodoList", "Fundamentals\TodoList\TodoList.csproj", "{882FD629-5678-4400-9464-1D29564FBCAE}"
EndProject
Project("{9A19103F-16F7-4668-BE54-9A1E7A4F7556}") = "Calculator", "Fundamentals\Calculator\Calculator.csproj", "{53C6A6F2-C2F1-4A47-9E5F-5718B1C4DD5C}"
EndProject
Project("{2150E333-8FDC-42A3-9474-1A3956D46DE8}") = "Beecrowd", "Beecrowd", "{E992568D-4FCE-4197-8F16-0A931A7CA6EB}"
EndProject
Project("{FAE04EC0-301F-11D3-BF4B-00C04F79EFBC}") = "HelloWorld", "Fundamentals\Beecrowd\HelloWorld\HelloWorld.csproj", "{8F24F85C-B844-48F6-886F-0F09065A2CE0}"
EndProject
Project("{FAE04EC0-301F-11D3-BF4B-00C04F79EFBC}") = "ExtremelyBasic", "Fundamentals\Beecrowd\ExtremelyBasic\ExtremelyBasic.csproj", "{E1BA2D3B-C01F-4A50-9202-B3121BA214A6}"
EndProject
Project("{FAE04EC0-301F-11D3-BF4B-00C04F79EFBC}") = "AreaOfCircle", "Fundamentals\Beecrowd\AreaOfCircle\AreaOfCircle.csproj", "{36A318F9-C65E-4A79-976A-CB0F12D469DE}"
EndProject
Project("{FAE04EC0-301F-11D3-BF4B-00C04F79EFBC}") = "SimpleSum", "Fundamentals\Beecrowd\SimpleSum\SimpleSum.csproj", "{CC2A9479-3BBE-4B46-B500-FD7BE9C04396}"
EndProject
Project("{FAE04EC0-301F-11D3-BF4B-00C04F79EFBC}") = "SimpleProduct", "Fundamentals\Beecrowd\SimpleProduct\SimpleProduct.csproj", "{17CC89BB-43DF-4884-8AA5-59A9D4456B70}"
EndProject
Project("{FAE04EC0-301F-11D3-BF4B-00C04F79EFBC}") = "Average1", "Fundamentals\Beecrowd\Average1\Average1.csproj", "{283B3D9E-B33E-4708-82D7-83D0F8C60DBE}"
EndProject
Project("{FAE04EC0-301F-11D3-BF4B-00C04F79EFBC}") = "Average2", "Fundamentals\Beecrowd\Average2\Average2.csproj", "{7003F045-F030-4D72-922B-6C45B687EBE5}"
EndProject
Global
	GlobalSection(SolutionConfigurationPlatforms) = preSolution
		Debug|Any CPU = Debug|Any CPU
		Release|Any CPU = Release|Any CPU
	EndGlobalSection
	GlobalSection(ProjectConfigurationPlatforms) = postSolution
		{882FD629-5678-4400-9464-1D29564FBCAE}.Debug|Any CPU.ActiveCfg = Debug|Any CPU
		{882FD629-5678-4400-9464-1D29564FBCAE}.Debug|Any CPU.Build.0 = Debug|Any CPU
		{882FD629-5678-4400-9464-1D29564FBCAE}.Release|Any CPU.ActiveCfg = Release|Any CPU
		{882FD629-5678-4400-9464-1D29564FBCAE}.Release|Any CPU.Build.0 = Release|Any CPU
		{53C6A6F2-C2F1-4A47-9E5F-5718B1C4DD5C}.Debug|Any CPU.ActiveCfg = Debug|Any CPU
		{53C6A6F2-C2F1-4A47-9E5F-5718B1C4DD5C}.Debug|Any CPU.Build.0 = Debug|Any CPU
		{53C6A6F2-C2F1-4A47-9E5F-5718B1C4DD5C}.Release|Any CPU.ActiveCfg = Release|Any CPU
		{53C6A6F2-C2F1-4A47-9E5F-5718B1C4DD5C}.Release|Any CPU.Build.0 = Release|Any CPU
		{8F24F85C-B844-48F6-886F-0F09065A2CE0}.Debug|Any CPU.ActiveCfg = Debug|Any CPU
		{8F24F85C-B844-48F6-886F-0F09065A2CE0}.Debug|Any CPU.Build.0 = Debug|Any CPU
		{8F24F85C-B844-48F6-886F-0F09065A2CE0}.Release|Any CPU.ActiveCfg = Release|Any CPU
		{8F24F85C-B844-48F6-886F-0F09065A2CE0}.Release|Any CPU.Build.0 = Release|Any CPU
		{E1BA2D3B-C01F-4A50-9202-B3121BA214A6}.Debug|Any CPU.ActiveCfg = Debug|Any CPU
		{E1BA2D3B-C01F-4A50-9202-B3121BA214A6}.Debug|Any CPU.Build.0 = Debug|Any CPU
		{E1BA2D3B-C01F-4A50-9202-B3121BA214A6}.Release|Any CPU.ActiveCfg = Release|Any CPU
		{E1BA2D3B-C01F-4A50-9202-B3121BA214A6}.Release|Any CPU.Build.0 = Release|Any CPU
		{36A318F9-C65E-4A79-976A-CB0F12D469DE}.Debug|Any CPU.ActiveCfg = Debug|Any CPU
		{36A318F9-C65E-4A79-976A-CB0F12D469DE}.Debug|Any CPU.Build.0 = Debug|Any CPU
		{36A318F9-C65E-4A79-976A-CB0F12D469DE}.Release|Any CPU.ActiveCfg = Release|Any CPU
		{36A318F9-C65E-4A79-976A-CB0F12D469DE}.Release|Any CPU.Build.0 = Release|Any CPU
		{CC2A9479-3BBE-4B46-B500-FD7BE9C04396}.Debug|Any CPU.ActiveCfg = Debug|Any CPU
		{CC2A9479-3BBE-4B46-B500-FD7BE9C04396}.Debug|Any CPU.Build.0 = Debug|Any CPU
		{CC2A9479-3BBE-4B46-B500-FD7BE9C04396}.Release|Any CPU.ActiveCfg = Release|Any CPU
		{CC2A9479-3BBE-4B46-B500-FD7BE9C04396}.Release|Any CPU.Build.0 = Release|Any CPU
		{17CC89BB-43DF-4884-8AA5-59A9D4456B70}.Debug|Any CPU.ActiveCfg = Debug|Any CPU
		{17CC89BB-43DF-4884-8AA5-59A9D4456B70}.Debug|Any CPU.Build.0 = Debug|Any CPU
		{17CC89BB-43DF-4884-8AA5-59A9D4456B70}.Release|Any CPU.ActiveCfg = Release|Any CPU
		{17CC89BB-43DF-4884-8AA5-59A9D4456B70}.Release|Any CPU.Build.0 = Release|Any CPU
		{283B3D9E-B33E-4708-82D7-83D0F8C60DBE}.Debug|Any CPU.ActiveCfg = Debug|Any CPU
		{283B3D9E-B33E-4708-82D7-83D0F8C60DBE}.Debug|Any CPU.Build.0 = Debug|Any CPU
		{283B3D9E-B33E-4708-82D7-83D0F8C60DBE}.Release|Any CPU.ActiveCfg = Release|Any CPU
		{283B3D9E-B33E-4708-82D7-83D0F8C60DBE}.Release|Any CPU.Build.0 = Release|Any CPU
		{7003F045-F030-4D72-922B-6C45B687EBE5}.Debug|Any CPU.ActiveCfg = Debug|Any CPU
		{7003F045-F030-4D72-922B-6C45B687EBE5}.Debug|Any CPU.Build.0 = Debug|Any CPU
		{7003F045-F030-4D72-922B-6C45B687EBE5}.Release|Any CPU.ActiveCfg = Release|Any CPU
		{7003F045-F030-4D72-922B-6C45B687EBE5}.Release|Any CPU.Build.0 = Release|Any CPU
	EndGlobalSection
	GlobalSection(SolutionProperties) = preSolution
		HideSolutionNode = FALSE
	EndGlobalSection
	GlobalSection(NestedProjects) = preSolution
		{882FD629-5678-4400-9464-1D29564FBCAE} = {782734E9-5CF2-4E4F-BEAC-52D7680A42EB}
		{53C6A6F2-C2F1-4A47-9E5F-5718B1C4DD5C} = {782734E9-5CF2-4E4F-BEAC-52D7680A42EB}
		{E992568D-4FCE-4197-8F16-0A931A7CA6EB} = {782734E9-5CF2-4E4F-BEAC-52D7680A42EB}
		{8F24F85C-B844-48F6-886F-0F09065A2CE0} = {E992568D-4FCE-4197-8F16-0A931A7CA6EB}
		{E1BA2D3B-C01F-4A50-9202-B3121BA214A6} = {E992568D-4FCE-4197-8F16-0A931A7CA6EB}
		{36A318F9-C65E-4A79-976A-CB0F12D469DE} = {E992568D-4FCE-4197-8F16-0A931A7CA6EB}
		{CC2A9479-3BBE-4B46-B500-FD7BE9C04396} = {E992568D-4FCE-4197-8F16-0A931A7CA6EB}
		{17CC89BB-43DF-4884-8AA5-59A9D4456B70} = {E992568D-4FCE-4197-8F16-0A931A7CA6EB}
		{283B3D9E-B33E-4708-82D7-83D0F8C60DBE} = {E992568D-4FCE-4197-8F16-0A931A7CA6EB}
		{7003F045-F030-4D72-922B-6C45B687EBE5} = {E992568D-4FCE-4197-8F16-0A931A7CA6EB}
	EndGlobalSection
	GlobalSection(ExtensibilityGlobals) = postSolution
		SolutionGuid = {609C5324-CFE5-455B-8234-C6325C6D683E}
	EndGlobalSection
EndGlobal
